
Microsoft Visual Studio Solution File, Format Version 12.00
# Visual Studio Version 16
VisualStudioVersion = 16.0.809.0
MinimumVisualStudioVersion = 10.0.40219.1
Project("{FAE04EC0-301F-11D3-BF4B-00C04F79EFBC}") = "Virtual3750Assembler", "Virtual3750Assembler.csproj", "{065298F4-7575-485D-9F24-06DF5BEDD08C}"
EndProject
Global
	GlobalSection(SolutionConfigurationPlatforms) = preSolution
		Debug|Any CPU = Debug|Any CPU
		Release|Any CPU = Release|Any CPU
	EndGlobalSection
	GlobalSection(ProjectConfigurationPlatforms) = postSolution
		{065298F4-7575-485D-9F24-06DF5BEDD08C}.Debug|Any CPU.ActiveCfg = Debug|Any CPU
		{065298F4-7575-485D-9F24-06DF5BEDD08C}.Debug|Any CPU.Build.0 = Debug|Any CPU
		{065298F4-7575-485D-9F24-06DF5BEDD08C}.Release|Any CPU.ActiveCfg = Release|Any CPU
		{065298F4-7575-485D-9F24-06DF5BEDD08C}.Release|Any CPU.Build.0 = Release|Any CPU
	EndGlobalSection
	GlobalSection(SolutionProperties) = preSolution
		HideSolutionNode = FALSE
	EndGlobalSection
	GlobalSection(ExtensibilityGlobals) = postSolution
		SolutionGuid = {9FA12991-0F26-4612-817F-7449979528B8}
	EndGlobalSection
EndGlobal
